
Microsoft Visual Studio Solution File, Format Version 12.00
# Visual Studio Version 17
VisualStudioVersion = 17.0.31903.59
MinimumVisualStudioVersion = 10.0.40219.1
Project("{FAE04EC0-301F-11D3-BF4B-00C04F79EFBC}") = "CorrecaoApi", "CorrecaoApi.csproj", "{31F07E24-8964-4848-AC09-54C0764F6E1B}"
EndProject
Global
	GlobalSection(SolutionConfigurationPlatforms) = preSolution
		Debug|Any CPU = Debug|Any CPU
		Release|Any CPU = Release|Any CPU
	EndGlobalSection
	GlobalSection(ProjectConfigurationPlatforms) = postSolution
		{31F07E24-8964-4848-AC09-54C0764F6E1B}.Debug|Any CPU.ActiveCfg = Debug|Any CPU
		{31F07E24-8964-4848-AC09-54C0764F6E1B}.Debug|Any CPU.Build.0 = Debug|Any CPU
		{31F07E24-8964-4848-AC09-54C0764F6E1B}.Release|Any CPU.ActiveCfg = Release|Any CPU
		{31F07E24-8964-4848-AC09-54C0764F6E1B}.Release|Any CPU.Build.0 = Release|Any CPU
	EndGlobalSection
	GlobalSection(SolutionProperties) = preSolution
		HideSolutionNode = FALSE
	EndGlobalSection
	GlobalSection(ExtensibilityGlobals) = postSolution
		SolutionGuid = {2DD9A7B4-AD34-4EA5-8760-2717A90A142B}
	EndGlobalSection
EndGlobal
